// !$*UTF8*$!
{
	archiveVersion = 1;
	classes = {
	};
	objectVersion = 77;
	objects = {

/* Begin PBXBuildFile section */
		040B6B582ECA76DB0062FF0A /* WidgetKit.framework in Frameworks */ = {isa = PBXBuildFile; fileRef = 040B6B572ECA76DB0062FF0A /* WidgetKit.framework */; };
		040B6B5A2ECA76DB0062FF0A /* SwiftUI.framework in Frameworks */ = {isa = PBXBuildFile; fileRef = 040B6B592ECA76DB0062FF0A /* SwiftUI.framework */; };
		040B6B692ECA76DD0062FF0A /* MotoGyroWidgetExtension.appex in Embed Foundation Extensions */ = {isa = PBXBuildFile; fileRef = 040B6B552ECA76DB0062FF0A /* MotoGyroWidgetExtension.appex */; settings = {ATTRIBUTES = (RemoveHeadersOnCopy, ); }; };
/* End PBXBuildFile section */

/* Begin PBXContainerItemProxy section */
		040B69132ECA33D40062FF0A /* PBXContainerItemProxy */ = {
			isa = PBXContainerItemProxy;
			containerPortal = 040B68F82ECA33D20062FF0A /* Project object */;
			proxyType = 1;
			remoteGlobalIDString = 040B68FF2ECA33D20062FF0A;
			remoteInfo = motogyro;
		};
		040B691D2ECA33D40062FF0A /* PBXContainerItemProxy */ = {
			isa = PBXContainerItemProxy;
			containerPortal = 040B68F82ECA33D20062FF0A /* Project object */;
			proxyType = 1;
			remoteGlobalIDString = 040B68FF2ECA33D20062FF0A;
			remoteInfo = motogyro;
		};
		040B6B672ECA76DD0062FF0A /* PBXContainerItemProxy */ = {
			isa = PBXContainerItemProxy;
			containerPortal = 040B68F82ECA33D20062FF0A /* Project object */;
			proxyType = 1;
			remoteGlobalIDString = 040B6B542ECA76DB0062FF0A;
			remoteInfo = MotoGyroWidgetExtension;
		};
/* End PBXContainerItemProxy section */

/* Begin PBXCopyFilesBuildPhase section */
		040B6B6A2ECA76DD0062FF0A /* Embed Foundation Extensions */ = {
			isa = PBXCopyFilesBuildPhase;
			buildActionMask = 2147483647;
			dstPath = "";
			dstSubfolderSpec = 13;
			files = (
				040B6B692ECA76DD0062FF0A /* MotoGyroWidgetExtension.appex in Embed Foundation Extensions */,
			);
			name = "Embed Foundation Extensions";
			runOnlyForDeploymentPostprocessing = 0;
		};
/* End PBXCopyFilesBuildPhase section */

/* Begin PBXFileReference section */
		040B69002ECA33D20062FF0A /* motogyro.app */ = {isa = PBXFileReference; explicitFileType = wrapper.application; includeInIndex = 0; path = motogyro.app; sourceTree = BUILT_PRODUCTS_DIR; };
		040B69122ECA33D40062FF0A /* motogyroTests.xctest */ = {isa = PBXFileReference; explicitFileType = wrapper.cfbundle; includeInIndex = 0; path = motogyroTests.xctest; sourceTree = BUILT_PRODUCTS_DIR; };
		040B691C2ECA33D40062FF0A /* motogyroUITests.xctest */ = {isa = PBXFileReference; explicitFileType = wrapper.cfbundle; includeInIndex = 0; path = motogyroUITests.xctest; sourceTree = BUILT_PRODUCTS_DIR; };
		040B6B552ECA76DB0062FF0A /* MotoGyroWidgetExtension.appex */ = {isa = PBXFileReference; explicitFileType = "wrapper.app-extension"; includeInIndex = 0; path = MotoGyroWidgetExtension.appex; sourceTree = BUILT_PRODUCTS_DIR; };
		040B6B572ECA76DB0062FF0A /* WidgetKit.framework */ = {isa = PBXFileReference; lastKnownFileType = wrapper.framework; name = WidgetKit.framework; path = System/Library/Frameworks/WidgetKit.framework; sourceTree = SDKROOT; };
		040B6B592ECA76DB0062FF0A /* SwiftUI.framework */ = {isa = PBXFileReference; lastKnownFileType = wrapper.framework; name = SwiftUI.framework; path = System/Library/Frameworks/SwiftUI.framework; sourceTree = SDKROOT; };
		040B6B702ECA77330062FF0A /* MotoGyroWidgetExtension.entitlements */ = {isa = PBXFileReference; lastKnownFileType = text.plist.entitlements; path = MotoGyroWidgetExtension.entitlements; sourceTree = "<group>"; };
/* End PBXFileReference section */

/* Begin PBXFileSystemSynchronizedBuildFileExceptionSet section */
		040B6B292ECA61AE0062FF0A /* Exceptions for "motogyro" folder in "motogyro" target */ = {
			isa = PBXFileSystemSynchronizedBuildFileExceptionSet;
			membershipExceptions = (
				Info.plist,
			);
			target = 040B68FF2ECA33D20062FF0A /* motogyro */;
		};
		040B6B6E2ECA76DD0062FF0A /* Exceptions for "MotoGyroWidget" folder in "MotoGyroWidgetExtension" target */ = {
			isa = PBXFileSystemSynchronizedBuildFileExceptionSet;
			membershipExceptions = (
				Info.plist,
			);
			target = 040B6B542ECA76DB0062FF0A /* MotoGyroWidgetExtension */;
		};
/* End PBXFileSystemSynchronizedBuildFileExceptionSet section */

/* Begin PBXFileSystemSynchronizedRootGroup section */
		040B69022ECA33D20062FF0A /* motogyro */ = {
			isa = PBXFileSystemSynchronizedRootGroup;
			exceptions = (
				040B6B292ECA61AE0062FF0A /* Exceptions for "motogyro" folder in "motogyro" target */,
			);
			path = motogyro;
			sourceTree = "<group>";
		};
		040B69152ECA33D40062FF0A /* motogyroTests */ = {
			isa = PBXFileSystemSynchronizedRootGroup;
			path = motogyroTests;
			sourceTree = "<group>";
		};
		040B691F2ECA33D40062FF0A /* motogyroUITests */ = {
			isa = PBXFileSystemSynchronizedRootGroup;
			path = motogyroUITests;
			sourceTree = "<group>";
		};
		040B6B5B2ECA76DB0062FF0A /* MotoGyroWidget */ = {
			isa = PBXFileSystemSynchronizedRootGroup;
			exceptions = (
				040B6B6E2ECA76DD0062FF0A /* Exceptions for "MotoGyroWidget" folder in "MotoGyroWidgetExtension" target */,
			);
			path = MotoGyroWidget;
			sourceTree = "<group>";
		};
/* End PBXFileSystemSynchronizedRootGroup section */

/* Begin PBXFrameworksBuildPhase section */
		040B68FD2ECA33D20062FF0A /* Frameworks */ = {
			isa = PBXFrameworksBuildPhase;
			buildActionMask = 2147483647;
			files = (
			);
			runOnlyForDeploymentPostprocessing = 0;
		};
		040B690F2ECA33D40062FF0A /* Frameworks */ = {
			isa = PBXFrameworksBuildPhase;
			buildActionMask = 2147483647;
			files = (
			);
			runOnlyForDeploymentPostprocessing = 0;
		};
		040B69192ECA33D40062FF0A /* Frameworks */ = {
			isa = PBXFrameworksBuildPhase;
			buildActionMask = 2147483647;
			files = (
			);
			runOnlyForDeploymentPostprocessing = 0;
		};
		040B6B522ECA76DB0062FF0A /* Frameworks */ = {
			isa = PBXFrameworksBuildPhase;
			buildActionMask = 2147483647;
			files = (
				040B6B5A2ECA76DB0062FF0A /* SwiftUI.framework in Frameworks */,
				040B6B582ECA76DB0062FF0A /* WidgetKit.framework in Frameworks */,
			);
			runOnlyForDeploymentPostprocessing = 0;
		};
/* End PBXFrameworksBuildPhase section */

/* Begin PBXGroup section */
		040B68F72ECA33D20062FF0A = {
			isa = PBXGroup;
			children = (
				040B6B702ECA77330062FF0A /* MotoGyroWidgetExtension.entitlements */,
				040B69022ECA33D20062FF0A /* motogyro */,
				040B69152ECA33D40062FF0A /* motogyroTests */,
				040B691F2ECA33D40062FF0A /* motogyroUITests */,
				040B6B5B2ECA76DB0062FF0A /* MotoGyroWidget */,
				040B6B562ECA76DB0062FF0A /* Frameworks */,
				040B69012ECA33D20062FF0A /* Products */,
			);
			sourceTree = "<group>";
		};
		040B69012ECA33D20062FF0A /* Products */ = {
			isa = PBXGroup;
			children = (
				040B69002ECA33D20062FF0A /* motogyro.app */,
				040B69122ECA33D40062FF0A /* motogyroTests.xctest */,
				040B691C2ECA33D40062FF0A /* motogyroUITests.xctest */,
				040B6B552ECA76DB0062FF0A /* MotoGyroWidgetExtension.appex */,
			);
			name = Products;
			sourceTree = "<group>";
		};
		040B6B562ECA76DB0062FF0A /* Frameworks */ = {
			isa = PBXGroup;
			children = (
				040B6B572ECA76DB0062FF0A /* WidgetKit.framework */,
				040B6B592ECA76DB0062FF0A /* SwiftUI.framework */,
			);
			name = Frameworks;
			sourceTree = "<group>";
		};
/* End PBXGroup section */

/* Begin PBXNativeTarget section */
		040B68FF2ECA33D20062FF0A /* motogyro */ = {
			isa = PBXNativeTarget;
			buildConfigurationList = 040B69262ECA33D40062FF0A /* Build configuration list for PBXNativeTarget "motogyro" */;
			buildPhases = (
				040B68FC2ECA33D20062FF0A /* Sources */,
				040B68FD2ECA33D20062FF0A /* Frameworks */,
				040B68FE2ECA33D20062FF0A /* Resources */,
				040B6B6A2ECA76DD0062FF0A /* Embed Foundation Extensions */,
			);
			buildRules = (
			);
			dependencies = (
				040B6B682ECA76DD0062FF0A /* PBXTargetDependency */,
			);
			fileSystemSynchronizedGroups = (
				040B69022ECA33D20062FF0A /* motogyro */,
			);
			name = motogyro;
			packageProductDependencies = (
			);
			productName = motogyro;
			productReference = 040B69002ECA33D20062FF0A /* motogyro.app */;
			productType = "com.apple.product-type.application";
		};
		040B69112ECA33D40062FF0A /* motogyroTests */ = {
			isa = PBXNativeTarget;
			buildConfigurationList = 040B69292ECA33D40062FF0A /* Build configuration list for PBXNativeTarget "motogyroTests" */;
			buildPhases = (
				040B690E2ECA33D40062FF0A /* Sources */,
				040B690F2ECA33D40062FF0A /* Frameworks */,
				040B69102ECA33D40062FF0A /* Resources */,
			);
			buildRules = (
			);
			dependencies = (
				040B69142ECA33D40062FF0A /* PBXTargetDependency */,
			);
			fileSystemSynchronizedGroups = (
				040B69152ECA33D40062FF0A /* motogyroTests */,
			);
			name = motogyroTests;
			packageProductDependencies = (
			);
			productName = motogyroTests;
			productReference = 040B69122ECA33D40062FF0A /* motogyroTests.xctest */;
			productType = "com.apple.product-type.bundle.unit-test";
		};
		040B691B2ECA33D40062FF0A /* motogyroUITests */ = {
			isa = PBXNativeTarget;
			buildConfigurationList = 040B692C2ECA33D40062FF0A /* Build configuration list for PBXNativeTarget "motogyroUITests" */;
			buildPhases = (
				040B69182ECA33D40062FF0A /* Sources */,
				040B69192ECA33D40062FF0A /* Frameworks */,
				040B691A2ECA33D40062FF0A /* Resources */,
			);
			buildRules = (
			);
			dependencies = (
				040B691E2ECA33D40062FF0A /* PBXTargetDependency */,
			);
			fileSystemSynchronizedGroups = (
				040B691F2ECA33D40062FF0A /* motogyroUITests */,
			);
			name = motogyroUITests;
			packageProductDependencies = (
			);
			productName = motogyroUITests;
			productReference = 040B691C2ECA33D40062FF0A /* motogyroUITests.xctest */;
			productType = "com.apple.product-type.bundle.ui-testing";
		};
		040B6B542ECA76DB0062FF0A /* MotoGyroWidgetExtension */ = {
			isa = PBXNativeTarget;
			buildConfigurationList = 040B6B6D2ECA76DD0062FF0A /* Build configuration list for PBXNativeTarget "MotoGyroWidgetExtension" */;
			buildPhases = (
				040B6B512ECA76DB0062FF0A /* Sources */,
				040B6B522ECA76DB0062FF0A /* Frameworks */,
				040B6B532ECA76DB0062FF0A /* Resources */,
			);
			buildRules = (
			);
			dependencies = (
			);
			fileSystemSynchronizedGroups = (
				040B6B5B2ECA76DB0062FF0A /* MotoGyroWidget */,
			);
			name = MotoGyroWidgetExtension;
			packageProductDependencies = (
			);
			productName = MotoGyroWidgetExtension;
			productReference = 040B6B552ECA76DB0062FF0A /* MotoGyroWidgetExtension.appex */;
			productType = "com.apple.product-type.app-extension";
		};
/* End PBXNativeTarget section */

/* Begin PBXProject section */
		040B68F82ECA33D20062FF0A /* Project object */ = {
			isa = PBXProject;
			attributes = {
				BuildIndependentTargetsInParallel = 1;
				LastSwiftUpdateCheck = 2600;
				LastUpgradeCheck = 2600;
				TargetAttributes = {
					040B68FF2ECA33D20062FF0A = {
						CreatedOnToolsVersion = 26.0.1;
					};
					040B69112ECA33D40062FF0A = {
						CreatedOnToolsVersion = 26.0.1;
						TestTargetID = 040B68FF2ECA33D20062FF0A;
					};
					040B691B2ECA33D40062FF0A = {
						CreatedOnToolsVersion = 26.0.1;
						TestTargetID = 040B68FF2ECA33D20062FF0A;
					};
					040B6B542ECA76DB0062FF0A = {
						CreatedOnToolsVersion = 26.0.1;
					};
				};
			};
			buildConfigurationList = 040B68FB2ECA33D20062FF0A /* Build configuration list for PBXProject "motogyro" */;
			developmentRegion = en;
			hasScannedForEncodings = 0;
			knownRegions = (
				en,
				Base,
			);
			mainGroup = 040B68F72ECA33D20062FF0A;
			minimizedProjectReferenceProxies = 1;
			preferredProjectObjectVersion = 77;
			productRefGroup = 040B69012ECA33D20062FF0A /* Products */;
			projectDirPath = "";
			projectRoot = "";
			targets = (
				040B68FF2ECA33D20062FF0A /* motogyro */,
				040B69112ECA33D40062FF0A /* motogyroTests */,
				040B691B2ECA33D40062FF0A /* motogyroUITests */,
				040B6B542ECA76DB0062FF0A /* MotoGyroWidgetExtension */,
			);
		};
/* End PBXProject section */

/* Begin PBXResourcesBuildPhase section */
		040B68FE2ECA33D20062FF0A /* Resources */ = {
			isa = PBXResourcesBuildPhase;
			buildActionMask = 2147483647;
			files = (
			);
			runOnlyForDeploymentPostprocessing = 0;
		};
		040B69102ECA33D40062FF0A /* Resources */ = {
			isa = PBXResourcesBuildPhase;
			buildActionMask = 2147483647;
			files = (
			);
			runOnlyForDeploymentPostprocessing = 0;
		};
		040B691A2ECA33D40062FF0A /* Resources */ = {
			isa = PBXResourcesBuildPhase;
			buildActionMask = 2147483647;
			files = (
			);
			runOnlyForDeploymentPostprocessing = 0;
		};
		040B6B532ECA76DB0062FF0A /* Resources */ = {
			isa = PBXResourcesBuildPhase;
			buildActionMask = 2147483647;
			files = (
			);
			runOnlyForDeploymentPostprocessing = 0;
		};
/* End PBXResourcesBuildPhase section */

/* Begin PBXSourcesBuildPhase section */
		040B68FC2ECA33D20062FF0A /* Sources */ = {
			isa = PBXSourcesBuildPhase;
			buildActionMask = 2147483647;
			files = (
			);
			runOnlyForDeploymentPostprocessing = 0;
		};
		040B690E2ECA33D40062FF0A /* Sources */ = {
			isa = PBXSourcesBuildPhase;
			buildActionMask = 2147483647;
			files = (
			);
			runOnlyForDeploymentPostprocessing = 0;
		};
		040B69182ECA33D40062FF0A /* Sources */ = {
			isa = PBXSourcesBuildPhase;
			buildActionMask = 2147483647;
			files = (
			);
			runOnlyForDeploymentPostprocessing = 0;
		};
		040B6B512ECA76DB0062FF0A /* Sources */ = {
			isa = PBXSourcesBuildPhase;
			buildActionMask = 2147483647;
			files = (
			);
			runOnlyForDeploymentPostprocessing = 0;
		};
/* End PBXSourcesBuildPhase section */

/* Begin PBXTargetDependency section */
		040B69142ECA33D40062FF0A /* PBXTargetDependency */ = {
			isa = PBXTargetDependency;
			target = 040B68FF2ECA33D20062FF0A /* motogyro */;
			targetProxy = 040B69132ECA33D40062FF0A /* PBXContainerItemProxy */;
		};
		040B691E2ECA33D40062FF0A /* PBXTargetDependency */ = {
			isa = PBXTargetDependency;
			target = 040B68FF2ECA33D20062FF0A /* motogyro */;
			targetProxy = 040B691D2ECA33D40062FF0A /* PBXContainerItemProxy */;
		};
		040B6B682ECA76DD0062FF0A /* PBXTargetDependency */ = {
			isa = PBXTargetDependency;
			target = 040B6B542ECA76DB0062FF0A /* MotoGyroWidgetExtension */;
			targetProxy = 040B6B672ECA76DD0062FF0A /* PBXContainerItemProxy */;
		};
/* End PBXTargetDependency section */

/* Begin XCBuildConfiguration section */
		040B69242ECA33D40062FF0A /* Debug */ = {
			isa = XCBuildConfiguration;
			buildSettings = {
				ALWAYS_SEARCH_USER_PATHS = NO;
				ASSETCATALOG_COMPILER_GENERATE_SWIFT_ASSET_SYMBOL_EXTENSIONS = YES;
				CLANG_ANALYZER_NONNULL = YES;
				CLANG_ANALYZER_NUMBER_OBJECT_CONVERSION = YES_AGGRESSIVE;
				CLANG_CXX_LANGUAGE_STANDARD = "gnu++20";
				CLANG_ENABLE_MODULES = YES;
				CLANG_ENABLE_OBJC_ARC = YES;
				CLANG_ENABLE_OBJC_WEAK = YES;
				CLANG_WARN_BLOCK_CAPTURE_AUTORELEASING = YES;
				CLANG_WARN_BOOL_CONVERSION = YES;
				CLANG_WARN_COMMA = YES;
				CLANG_WARN_CONSTANT_CONVERSION = YES;
				CLANG_WARN_DEPRECATED_OBJC_IMPLEMENTATIONS = YES;
				CLANG_WARN_DIRECT_OBJC_ISA_USAGE = YES_ERROR;
				CLANG_WARN_DOCUMENTATION_COMMENTS = YES;
				CLANG_WARN_EMPTY_BODY = YES;
				CLANG_WARN_ENUM_CONVERSION = YES;
				CLANG_WARN_INFINITE_RECURSION = YES;
				CLANG_WARN_INT_CONVERSION = YES;
				CLANG_WARN_NON_LITERAL_NULL_CONVERSION = YES;
				CLANG_WARN_OBJC_IMPLICIT_RETAIN_SELF = YES;
				CLANG_WARN_OBJC_LITERAL_CONVERSION = YES;
				CLANG_WARN_OBJC_ROOT_CLASS = YES_ERROR;
				CLANG_WARN_QUOTED_INCLUDE_IN_FRAMEWORK_HEADER = YES;
				CLANG_WARN_RANGE_LOOP_ANALYSIS = YES;
				CLANG_WARN_STRICT_PROTOTYPES = YES;
				CLANG_WARN_SUSPICIOUS_MOVE = YES;
				CLANG_WARN_UNGUARDED_AVAILABILITY = YES_AGGRESSIVE;
				CLANG_WARN_UNREACHABLE_CODE = YES;
				CLANG_WARN__DUPLICATE_METHOD_MATCH = YES;
				COPY_PHASE_STRIP = NO;
				DEBUG_INFORMATION_FORMAT = dwarf;
				ENABLE_STRICT_OBJC_MSGSEND = YES;
				ENABLE_TESTABILITY = YES;
				ENABLE_USER_SCRIPT_SANDBOXING = YES;
				GCC_C_LANGUAGE_STANDARD = gnu17;
				GCC_DYNAMIC_NO_PIC = NO;
				GCC_NO_COMMON_BLOCKS = YES;
				GCC_OPTIMIZATION_LEVEL = 0;
				GCC_PREPROCESSOR_DEFINITIONS = (
					"DEBUG=1",
					"$(inherited)",
				);
				GCC_WARN_64_TO_32_BIT_CONVERSION = YES;
				GCC_WARN_ABOUT_RETURN_TYPE = YES_ERROR;
				GCC_WARN_UNDECLARED_SELECTOR = YES;
				GCC_WARN_UNINITIALIZED_AUTOS = YES_AGGRESSIVE;
				GCC_WARN_UNUSED_FUNCTION = YES;
				GCC_WARN_UNUSED_VARIABLE = YES;
				IPHONEOS_DEPLOYMENT_TARGET = 26.0;
				LOCALIZATION_PREFERS_STRING_CATALOGS = YES;
				MTL_ENABLE_DEBUG_INFO = INCLUDE_SOURCE;
				MTL_FAST_MATH = YES;
				ONLY_ACTIVE_ARCH = YES;
				SDKROOT = iphoneos;
				SWIFT_ACTIVE_COMPILATION_CONDITIONS = "DEBUG $(inherited)";
				SWIFT_OPTIMIZATION_LEVEL = "-Onone";
			};
			name = Debug;
		};
		040B69252ECA33D40062FF0A /* Release */ = {
			isa = XCBuildConfiguration;
			buildSettings = {
				ALWAYS_SEARCH_USER_PATHS = NO;
				ASSETCATALOG_COMPILER_GENERATE_SWIFT_ASSET_SYMBOL_EXTENSIONS = YES;
				CLANG_ANALYZER_NONNULL = YES;
				CLANG_ANALYZER_NUMBER_OBJECT_CONVERSION = YES_AGGRESSIVE;
				CLANG_CXX_LANGUAGE_STANDARD = "gnu++20";
				CLANG_ENABLE_MODULES = YES;
				CLANG_ENABLE_OBJC_ARC = YES;
				CLANG_ENABLE_OBJC_WEAK = YES;
				CLANG_WARN_BLOCK_CAPTURE_AUTORELEASING = YES;
				CLANG_WARN_BOOL_CONVERSION = YES;
				CLANG_WARN_COMMA = YES;
				CLANG_WARN_CONSTANT_CONVERSION = YES;
				CLANG_WARN_DEPRECATED_OBJC_IMPLEMENTATIONS = YES;
				CLANG_WARN_DIRECT_OBJC_ISA_USAGE = YES_ERROR;
				CLANG_WARN_DOCUMENTATION_COMMENTS = YES;
				CLANG_WARN_EMPTY_BODY = YES;
				CLANG_WARN_ENUM_CONVERSION = YES;
				CLANG_WARN_INFINITE_RECURSION = YES;
				CLANG_WARN_INT_CONVERSION = YES;
				CLANG_WARN_NON_LITERAL_NULL_CONVERSION = YES;
				CLANG_WARN_OBJC_IMPLICIT_RETAIN_SELF = YES;
				CLANG_WARN_OBJC_LITERAL_CONVERSION = YES;
				CLANG_WARN_OBJC_ROOT_CLASS = YES_ERROR;
				CLANG_WARN_QUOTED_INCLUDE_IN_FRAMEWORK_HEADER = YES;
				CLANG_WARN_RANGE_LOOP_ANALYSIS = YES;
				CLANG_WARN_STRICT_PROTOTYPES = YES;
				CLANG_WARN_SUSPICIOUS_MOVE = YES;
				CLANG_WARN_UNGUARDED_AVAILABILITY = YES_AGGRESSIVE;
				CLANG_WARN_UNREACHABLE_CODE = YES;
				CLANG_WARN__DUPLICATE_METHOD_MATCH = YES;
				COPY_PHASE_STRIP = NO;
				DEBUG_INFORMATION_FORMAT = "dwarf-with-dsym";
				ENABLE_NS_ASSERTIONS = NO;
				ENABLE_STRICT_OBJC_MSGSEND = YES;
				ENABLE_USER_SCRIPT_SANDBOXING = YES;
				GCC_C_LANGUAGE_STANDARD = gnu17;
				GCC_NO_COMMON_BLOCKS = YES;
				GCC_WARN_64_TO_32_BIT_CONVERSION = YES;
				GCC_WARN_ABOUT_RETURN_TYPE = YES_ERROR;
				GCC_WARN_UNDECLARED_SELECTOR = YES;
				GCC_WARN_UNINITIALIZED_AUTOS = YES_AGGRESSIVE;
				GCC_WARN_UNUSED_FUNCTION = YES;
				GCC_WARN_UNUSED_VARIABLE = YES;
				IPHONEOS_DEPLOYMENT_TARGET = 26.0;
				LOCALIZATION_PREFERS_STRING_CATALOGS = YES;
				MTL_ENABLE_DEBUG_INFO = NO;
				MTL_FAST_MATH = YES;
				SDKROOT = iphoneos;
				SWIFT_COMPILATION_MODE = wholemodule;
				VALIDATE_PRODUCT = YES;
			};
			name = Release;
		};
		040B69272ECA33D40062FF0A /* Debug */ = {
			isa = XCBuildConfiguration;
			buildSettings = {
				ASSETCATALOG_COMPILER_APPICON_NAME = AppIcon;
				ASSETCATALOG_COMPILER_GLOBAL_ACCENT_COLOR_NAME = AccentColor;
				CODE_SIGN_ENTITLEMENTS = motogyro/motogyro.entitlements;
				CODE_SIGN_STYLE = Automatic;
				CURRENT_PROJECT_VERSION = 1;
				DEVELOPMENT_TEAM = 6L677X9XR2;
				ENABLE_PREVIEWS = YES;
				GENERATE_INFOPLIST_FILE = YES;
				INFOPLIST_FILE = motogyro/Info.plist;
				INFOPLIST_KEY_NSLocationAlwaysAndWhenInUseUsageDescription = "We need continuous location access to track your speed in the background and provide real-time lean angle data even when the app is not visible.";
				INFOPLIST_KEY_NSLocationWhenInUseUsageDescription = "We need your location to measure your speed while riding and enable lean angle tracking at safe speeds.";
				INFOPLIST_KEY_UIApplicationSceneManifest_Generation = YES;
				INFOPLIST_KEY_UIApplicationSupportsIndirectInputEvents = YES;
				INFOPLIST_KEY_UILaunchScreen_Generation = YES;
				INFOPLIST_KEY_UISupportedInterfaceOrientations_iPad = "UIInterfaceOrientationPortrait UIInterfaceOrientationPortraitUpsideDown UIInterfaceOrientationLandscapeLeft UIInterfaceOrientationLandscapeRight";
				INFOPLIST_KEY_UISupportedInterfaceOrientations_iPhone = "UIInterfaceOrientationPortrait UIInterfaceOrientationLandscapeLeft UIInterfaceOrientationLandscapeRight";
				IPHONEOS_DEPLOYMENT_TARGET = 18.6;
				LD_RUNPATH_SEARCH_PATHS = (
					"$(inherited)",
					"@executable_path/Frameworks",
				);
				MARKETING_VERSION = 1.0;
				PRODUCT_BUNDLE_IDENTIFIER = net.spher.motogyro;
				PRODUCT_NAME = "$(TARGET_NAME)";
				STRING_CATALOG_GENERATE_SYMBOLS = YES;
				SWIFT_APPROACHABLE_CONCURRENCY = YES;
				SWIFT_DEFAULT_ACTOR_ISOLATION = MainActor;
				SWIFT_EMIT_LOC_STRINGS = YES;
				SWIFT_UPCOMING_FEATURE_MEMBER_IMPORT_VISIBILITY = YES;
				SWIFT_VERSION = 5.0;
				TARGETED_DEVICE_FAMILY = "1,2";
			};
			name = Debug;
		};
		040B69282ECA33D40062FF0A /* Release */ = {
			isa = XCBuildConfiguration;
			buildSettings = {
				ASSETCATALOG_COMPILER_APPICON_NAME = AppIcon;
				ASSETCATALOG_COMPILER_GLOBAL_ACCENT_COLOR_NAME = AccentColor;
				CODE_SIGN_ENTITLEMENTS = motogyro/motogyro.entitlements;
				CODE_SIGN_STYLE = Automatic;
				CURRENT_PROJECT_VERSION = 1;
				DEVELOPMENT_TEAM = 6L677X9XR2;
				ENABLE_PREVIEWS = YES;
				GENERATE_INFOPLIST_FILE = YES;
				INFOPLIST_FILE = motogyro/Info.plist;
				INFOPLIST_KEY_NSLocationAlwaysAndWhenInUseUsageDescription = "We need continuous location access to track your speed in the background and provide real-time lean angle data even when the app is not visible.";
				INFOPLIST_KEY_NSLocationWhenInUseUsageDescription = "We need your location to measure your speed while riding and enable lean angle tracking at safe speeds.";
				INFOPLIST_KEY_UIApplicationSceneManifest_Generation = YES;
				INFOPLIST_KEY_UIApplicationSupportsIndirectInputEvents = YES;
				INFOPLIST_KEY_UILaunchScreen_Generation = YES;
				INFOPLIST_KEY_UISupportedInterfaceOrientations_iPad = "UIInterfaceOrientationPortrait UIInterfaceOrientationPortraitUpsideDown UIInterfaceOrientationLandscapeLeft UIInterfaceOrientationLandscapeRight";
				INFOPLIST_KEY_UISupportedInterfaceOrientations_iPhone = "UIInterfaceOrientationPortrait UIInterfaceOrientationLandscapeLeft UIInterfaceOrientationLandscapeRight";
				IPHONEOS_DEPLOYMENT_TARGET = 18.6;
				LD_RUNPATH_SEARCH_PATHS = (
					"$(inherited)",
					"@executable_path/Frameworks",
				);
				MARKETING_VERSION = 1.0;
				PRODUCT_BUNDLE_IDENTIFIER = net.spher.motogyro;
				PRODUCT_NAME = "$(TARGET_NAME)";
				STRING_CATALOG_GENERATE_SYMBOLS = YES;
				SWIFT_APPROACHABLE_CONCURRENCY = YES;
				SWIFT_DEFAULT_ACTOR_ISOLATION = MainActor;
				SWIFT_EMIT_LOC_STRINGS = YES;
				SWIFT_UPCOMING_FEATURE_MEMBER_IMPORT_VISIBILITY = YES;
				SWIFT_VERSION = 5.0;
				TARGETED_DEVICE_FAMILY = "1,2";
			};
			name = Release;
		};
		040B692A2ECA33D40062FF0A /* Debug */ = {
			isa = XCBuildConfiguration;
			buildSettings = {
				BUNDLE_LOADER = "$(TEST_HOST)";
				CODE_SIGN_STYLE = Automatic;
				CURRENT_PROJECT_VERSION = 1;
				GENERATE_INFOPLIST_FILE = YES;
				IPHONEOS_DEPLOYMENT_TARGET = 26.0;
				MARKETING_VERSION = 1.0;
				PRODUCT_BUNDLE_IDENTIFIER = net.spher.motogyroTests;
				PRODUCT_NAME = "$(TARGET_NAME)";
				STRING_CATALOG_GENERATE_SYMBOLS = NO;
				SWIFT_APPROACHABLE_CONCURRENCY = YES;
				SWIFT_EMIT_LOC_STRINGS = NO;
				SWIFT_UPCOMING_FEATURE_MEMBER_IMPORT_VISIBILITY = YES;
				SWIFT_VERSION = 5.0;
				TARGETED_DEVICE_FAMILY = "1,2";
				TEST_HOST = "$(BUILT_PRODUCTS_DIR)/motogyro.app/$(BUNDLE_EXECUTABLE_FOLDER_PATH)/motogyro";
			};
			name = Debug;
		};
		040B692B2ECA33D40062FF0A /* Release */ = {
			isa = XCBuildConfiguration;
			buildSettings = {
				BUNDLE_LOADER = "$(TEST_HOST)";
				CODE_SIGN_STYLE = Automatic;
				CURRENT_PROJECT_VERSION = 1;
				GENERATE_INFOPLIST_FILE = YES;
				IPHONEOS_DEPLOYMENT_TARGET = 26.0;
				MARKETING_VERSION = 1.0;
				PRODUCT_BUNDLE_IDENTIFIER = net.spher.motogyroTests;
				PRODUCT_NAME = "$(TARGET_NAME)";
				STRING_CATALOG_GENERATE_SYMBOLS = NO;
				SWIFT_APPROACHABLE_CONCURRENCY = YES;
				SWIFT_EMIT_LOC_STRINGS = NO;
				SWIFT_UPCOMING_FEATURE_MEMBER_IMPORT_VISIBILITY = YES;
				SWIFT_VERSION = 5.0;
				TARGETED_DEVICE_FAMILY = "1,2";
				TEST_HOST = "$(BUILT_PRODUCTS_DIR)/motogyro.app/$(BUNDLE_EXECUTABLE_FOLDER_PATH)/motogyro";
			};
			name = Release;
		};
		040B692D2ECA33D40062FF0A /* Debug */ = {
			isa = XCBuildConfiguration;
			buildSettings = {
				CODE_SIGN_STYLE = Automatic;
				CURRENT_PROJECT_VERSION = 1;
				GENERATE_INFOPLIST_FILE = YES;
				MARKETING_VERSION = 1.0;
				PRODUCT_BUNDLE_IDENTIFIER = net.spher.motogyroUITests;
				PRODUCT_NAME = "$(TARGET_NAME)";
				STRING_CATALOG_GENERATE_SYMBOLS = NO;
				SWIFT_APPROACHABLE_CONCURRENCY = YES;
				SWIFT_EMIT_LOC_STRINGS = NO;
				SWIFT_UPCOMING_FEATURE_MEMBER_IMPORT_VISIBILITY = YES;
				SWIFT_VERSION = 5.0;
				TARGETED_DEVICE_FAMILY = "1,2";
				TEST_TARGET_NAME = motogyro;
			};
			name = Debug;
		};
		040B692E2ECA33D40062FF0A /* Release */ = {
			isa = XCBuildConfiguration;
			buildSettings = {
				CODE_SIGN_STYLE = Automatic;
				CURRENT_PROJECT_VERSION = 1;
				GENERATE_INFOPLIST_FILE = YES;
				MARKETING_VERSION = 1.0;
				PRODUCT_BUNDLE_IDENTIFIER = net.spher.motogyroUITests;
				PRODUCT_NAME = "$(TARGET_NAME)";
				STRING_CATALOG_GENERATE_SYMBOLS = NO;
				SWIFT_APPROACHABLE_CONCURRENCY = YES;
				SWIFT_EMIT_LOC_STRINGS = NO;
				SWIFT_UPCOMING_FEATURE_MEMBER_IMPORT_VISIBILITY = YES;
				SWIFT_VERSION = 5.0;
				TARGETED_DEVICE_FAMILY = "1,2";
				TEST_TARGET_NAME = motogyro;
			};
			name = Release;
		};
		040B6B6B2ECA76DD0062FF0A /* Debug */ = {
			isa = XCBuildConfiguration;
			buildSettings = {
				ASSETCATALOG_COMPILER_GLOBAL_ACCENT_COLOR_NAME = AccentColor;
				ASSETCATALOG_COMPILER_WIDGET_BACKGROUND_COLOR_NAME = WidgetBackground;
				CODE_SIGN_ENTITLEMENTS = MotoGyroWidgetExtension.entitlements;
				CODE_SIGN_STYLE = Automatic;
				CURRENT_PROJECT_VERSION = 1;
				DEVELOPMENT_TEAM = 6L677X9XR2;
				GENERATE_INFOPLIST_FILE = YES;
				INFOPLIST_FILE = MotoGyroWidget/Info.plist;
				INFOPLIST_KEY_CFBundleDisplayName = MotoGyroWidget;
				INFOPLIST_KEY_NSHumanReadableCopyright = "";
				INFOPLIST_KEY_NSSupportsLiveActivities = YES;
				LD_RUNPATH_SEARCH_PATHS = (
					"$(inherited)",
					"@executable_path/Frameworks",
					"@executable_path/../../Frameworks",
				);
				MARKETING_VERSION = 1.0;
				PRODUCT_BUNDLE_IDENTIFIER = net.spher.motogyro.MotoGyroWidget;
				PRODUCT_NAME = "$(TARGET_NAME)";
				SKIP_INSTALL = YES;
				STRING_CATALOG_GENERATE_SYMBOLS = YES;
				SWIFT_APPROACHABLE_CONCURRENCY = YES;
				SWIFT_EMIT_LOC_STRINGS = YES;
				SWIFT_UPCOMING_FEATURE_MEMBER_IMPORT_VISIBILITY = YES;
				SWIFT_VERSION = 5.0;
				TARGETED_DEVICE_FAMILY = "1,2";
			};
			name = Debug;
		};
		040B6B6C2ECA76DD0062FF0A /* Release */ = {
			isa = XCBuildConfiguration;
			buildSettings = {
				ASSETCATALOG_COMPILER_GLOBAL_ACCENT_COLOR_NAME = AccentColor;
				ASSETCATALOG_COMPILER_WIDGET_BACKGROUND_COLOR_NAME = WidgetBackground;
				CODE_SIGN_ENTITLEMENTS = MotoGyroWidgetExtension.entitlements;
				CODE_SIGN_STYLE = Automatic;
				CURRENT_PROJECT_VERSION = 1;
				DEVELOPMENT_TEAM = 6L677X9XR2;
				GENERATE_INFOPLIST_FILE = YES;
				INFOPLIST_FILE = MotoGyroWidget/Info.plist;
				INFOPLIST_KEY_CFBundleDisplayName = MotoGyroWidget;
				INFOPLIST_KEY_NSHumanReadableCopyright = "";
				INFOPLIST_KEY_NSSupportsLiveActivities = YES;
				LD_RUNPATH_SEARCH_PATHS = (
					"$(inherited)",
					"@executable_path/Frameworks",
					"@executable_path/../../Frameworks",
				);
				MARKETING_VERSION = 1.0;
				PRODUCT_BUNDLE_IDENTIFIER = net.spher.motogyro.MotoGyroWidget;
				PRODUCT_NAME = "$(TARGET_NAME)";
				SKIP_INSTALL = YES;
				STRING_CATALOG_GENERATE_SYMBOLS = YES;
				SWIFT_APPROACHABLE_CONCURRENCY = YES;
				SWIFT_EMIT_LOC_STRINGS = YES;
				SWIFT_UPCOMING_FEATURE_MEMBER_IMPORT_VISIBILITY = YES;
				SWIFT_VERSION = 5.0;
				TARGETED_DEVICE_FAMILY = "1,2";
			};
			name = Release;
		};
/* End XCBuildConfiguration section */

/* Begin XCConfigurationList section */
		040B68FB2ECA33D20062FF0A /* Build configuration list for PBXProject "motogyro" */ = {
			isa = XCConfigurationList;
			buildConfigurations = (
				040B69242ECA33D40062FF0A /* Debug */,
				040B69252ECA33D40062FF0A /* Release */,
			);
			defaultConfigurationIsVisible = 0;
			defaultConfigurationName = Release;
		};
		040B69262ECA33D40062FF0A /* Build configuration list for PBXNativeTarget "motogyro" */ = {
			isa = XCConfigurationList;
			buildConfigurations = (
				040B69272ECA33D40062FF0A /* Debug */,
				040B69282ECA33D40062FF0A /* Release */,
			);
			defaultConfigurationIsVisible = 0;
			defaultConfigurationName = Release;
		};
		040B69292ECA33D40062FF0A /* Build configuration list for PBXNativeTarget "motogyroTests" */ = {
			isa = XCConfigurationList;
			buildConfigurations = (
				040B692A2ECA33D40062FF0A /* Debug */,
				040B692B2ECA33D40062FF0A /* Release */,
			);
			defaultConfigurationIsVisible = 0;
			defaultConfigurationName = Release;
		};
		040B692C2ECA33D40062FF0A /* Build configuration list for PBXNativeTarget "motogyroUITests" */ = {
			isa = XCConfigurationList;
			buildConfigurations = (
				040B692D2ECA33D40062FF0A /* Debug */,
				040B692E2ECA33D40062FF0A /* Release */,
			);
			defaultConfigurationIsVisible = 0;
			defaultConfigurationName = Release;
		};
		040B6B6D2ECA76DD0062FF0A /* Build configuration list for PBXNativeTarget "MotoGyroWidgetExtension" */ = {
			isa = XCConfigurationList;
			buildConfigurations = (
				040B6B6B2ECA76DD0062FF0A /* Debug */,
				040B6B6C2ECA76DD0062FF0A /* Release */,
			);
			defaultConfigurationIsVisible = 0;
			defaultConfigurationName = Release;
		};
/* End XCConfigurationList section */
	};
	rootObject = 040B68F82ECA33D20062FF0A /* Project object */;
}
